// !$*UTF8*$!
{
	archiveVersion = 1;
	classes = {
	};
	objectVersion = 77;
	objects = {

/* Begin PBXBuildFile section */
		E4508CD72FFB250E00FFBE43 /* CreateUserViewModel.swift in Sources */ = {isa = PBXBuildFile; fileRef = E4508CD62FFB250300FFBE43 /* CreateUserViewModel.swift */; };
		E4508CD92FFB252000FFBE43 /* CreateUserView.swift in Sources */ = {isa = PBXBuildFile; fileRef = E4508CD82FFB251D00FFBE43 /* CreateUserView.swift */; };
		E4508CDB2FFB270600FFBE43 /* ValidatedTextField.swift in Sources */ = {isa = PBXBuildFile; fileRef = E4508CDA2FFB270000FFBE43 /* ValidatedTextField.swift */; };
		E4508CDD2FFB27AB00FFBE43 /* LocationService.swift in Sources */ = {isa = PBXBuildFile; fileRef = E4508CDC2FFB278600FFBE43 /* LocationService.swift */; };
		E4508CDF2FFB283100FFBE43 /* Validators.swift in Sources */ = {isa = PBXBuildFile; fileRef = E4508CDE2FFB27FE00FFBE43 /* Validators.swift */; };
		E4508CE12FFB2B4700FFBE43 /* SaveUserUseCase.swift in Sources */ = {isa = PBXBuildFile; fileRef = E4508CE02FFB2B4200FFBE43 /* SaveUserUseCase.swift */; };
		E4508CE42FFB311E00FFBE43 /* Localizable.strings in Resources */ = {isa = PBXBuildFile; fileRef = E4508CE22FFB311E00FFBE43 /* Localizable.strings */; };
		E45257192FFB1B3200B80942 /* UserRepository.swift in Sources */ = {isa = PBXBuildFile; fileRef = E45257182FFB1B3200B80942 /* UserRepository.swift */; };
		E452571B2FFB1B3C00B80942 /* RealmService.swift in Sources */ = {isa = PBXBuildFile; fileRef = E452571A2FFB1B3C00B80942 /* RealmService.swift */; };
		E452571D2FFB1B4500B80942 /* UserRealmObject.swift in Sources */ = {isa = PBXBuildFile; fileRef = E452571C2FFB1B4500B80942 /* UserRealmObject.swift */; };
		E452571F2FFB1B5000B80942 /* UserDTO.swift in Sources */ = {isa = PBXBuildFile; fileRef = E452571E2FFB1B5000B80942 /* UserDTO.swift */; };
		E45257212FFB1B5D00B80942 /* APIService.swift in Sources */ = {isa = PBXBuildFile; fileRef = E45257202FFB1B5D00B80942 /* APIService.swift */; };
		E45257232FFB1B6800B80942 /* User.swift in Sources */ = {isa = PBXBuildFile; fileRef = E45257222FFB1B6800B80942 /* User.swift */; };
		E45257252FFB1B7200B80942 /* FetchUsersUseCase.swift in Sources */ = {isa = PBXBuildFile; fileRef = E45257242FFB1B7200B80942 /* FetchUsersUseCase.swift */; };
		E45257272FFB1B7F00B80942 /* UserRepositoryProtocol.swift in Sources */ = {isa = PBXBuildFile; fileRef = E45257262FFB1B7F00B80942 /* UserRepositoryProtocol.swift */; };
		E45257292FFB1B8F00B80942 /* NavigationRouter.swift in Sources */ = {isa = PBXBuildFile; fileRef = E45257282FFB1B8F00B80942 /* NavigationRouter.swift */; };
		E452572B2FFB1B9700B80942 /* AppRoute.swift in Sources */ = {isa = PBXBuildFile; fileRef = E452572A2FFB1B9700B80942 /* AppRoute.swift */; };
		E452572D2FFB1B9E00B80942 /* AppCoordinatorView.swift in Sources */ = {isa = PBXBuildFile; fileRef = E452572C2FFB1B9E00B80942 /* AppCoordinatorView.swift */; };
		E452572F2FFB1BAD00B80942 /* UserListView.swift in Sources */ = {isa = PBXBuildFile; fileRef = E452572E2FFB1BAD00B80942 /* UserListView.swift */; };
		E45257312FFB1BB300B80942 /* UserListViewModel.swift in Sources */ = {isa = PBXBuildFile; fileRef = E45257302FFB1BB300B80942 /* UserListViewModel.swift */; };
		E45257392FFB1D6B00B80942 /* Alamofire in Frameworks */ = {isa = PBXBuildFile; productRef = E45257382FFB1D6B00B80942 /* Alamofire */; };
		E45257402FFB1DD600B80942 /* RealmSwift in Frameworks */ = {isa = PBXBuildFile; productRef = E452573F2FFB1DD600B80942 /* RealmSwift */; };
		E45257422FFB204200B80942 /* UserManager-Info.plist in Resources */ = {isa = PBXBuildFile; fileRef = E45257412FFB204200B80942 /* UserManager-Info.plist */; };
		E46C2EE02FFAEAFA008860B9 /* UserManagerApp.swift in Sources */ = {isa = PBXBuildFile; fileRef = E46C2EDF2FFAEAFA008860B9 /* UserManagerApp.swift */; };
/* End PBXBuildFile section */

/* Begin PBXCopyFilesBuildPhase section */
		E45257362FFB1C0D00B80942 /* Embed Frameworks */ = {
			isa = PBXCopyFilesBuildPhase;
			buildActionMask = 2147483647;
			dstPath = "";
			dstSubfolderSpec = 10;
			files = (
			);
			name = "Embed Frameworks";
			runOnlyForDeploymentPostprocessing = 0;
		};
/* End PBXCopyFilesBuildPhase section */

/* Begin PBXFileReference section */
		E4508CD62FFB250300FFBE43 /* CreateUserViewModel.swift */ = {isa = PBXFileReference; lastKnownFileType = sourcecode.swift; path = CreateUserViewModel.swift; sourceTree = "<group>"; };
		E4508CD82FFB251D00FFBE43 /* CreateUserView.swift */ = {isa = PBXFileReference; lastKnownFileType = sourcecode.swift; path = CreateUserView.swift; sourceTree = "<group>"; };
		E4508CDA2FFB270000FFBE43 /* ValidatedTextField.swift */ = {isa = PBXFileReference; lastKnownFileType = sourcecode.swift; path = ValidatedTextField.swift; sourceTree = "<group>"; };
		E4508CDC2FFB278600FFBE43 /* LocationService.swift */ = {isa = PBXFileReference; lastKnownFileType = sourcecode.swift; path = LocationService.swift; sourceTree = "<group>"; };
		E4508CDE2FFB27FE00FFBE43 /* Validators.swift */ = {isa = PBXFileReference; lastKnownFileType = sourcecode.swift; path = Validators.swift; sourceTree = "<group>"; };
		E4508CE02FFB2B4200FFBE43 /* SaveUserUseCase.swift */ = {isa = PBXFileReference; lastKnownFileType = sourcecode.swift; path = SaveUserUseCase.swift; sourceTree = "<group>"; };
		E4508CE32FFB311E00FFBE43 /* en */ = {isa = PBXFileReference; lastKnownFileType = text.plist.strings; name = en; path = en.lproj/Localizable.strings; sourceTree = "<group>"; };
		E45257182FFB1B3200B80942 /* UserRepository.swift */ = {isa = PBXFileReference; lastKnownFileType = sourcecode.swift; path = UserRepository.swift; sourceTree = "<group>"; };
		E452571A2FFB1B3C00B80942 /* RealmService.swift */ = {isa = PBXFileReference; lastKnownFileType = sourcecode.swift; path = RealmService.swift; sourceTree = "<group>"; };
		E452571C2FFB1B4500B80942 /* UserRealmObject.swift */ = {isa = PBXFileReference; lastKnownFileType = sourcecode.swift; path = UserRealmObject.swift; sourceTree = "<group>"; };
		E452571E2FFB1B5000B80942 /* UserDTO.swift */ = {isa = PBXFileReference; lastKnownFileType = sourcecode.swift; path = UserDTO.swift; sourceTree = "<group>"; };
		E45257202FFB1B5D00B80942 /* APIService.swift */ = {isa = PBXFileReference; lastKnownFileType = sourcecode.swift; path = APIService.swift; sourceTree = "<group>"; };
		E45257222FFB1B6800B80942 /* User.swift */ = {isa = PBXFileReference; lastKnownFileType = sourcecode.swift; path = User.swift; sourceTree = "<group>"; };
		E45257242FFB1B7200B80942 /* FetchUsersUseCase.swift */ = {isa = PBXFileReference; lastKnownFileType = sourcecode.swift; path = FetchUsersUseCase.swift; sourceTree = "<group>"; };
		E45257262FFB1B7F00B80942 /* UserRepositoryProtocol.swift */ = {isa = PBXFileReference; lastKnownFileType = sourcecode.swift; path = UserRepositoryProtocol.swift; sourceTree = "<group>"; };
		E45257282FFB1B8F00B80942 /* NavigationRouter.swift */ = {isa = PBXFileReference; lastKnownFileType = sourcecode.swift; path = NavigationRouter.swift; sourceTree = "<group>"; };
		E452572A2FFB1B9700B80942 /* AppRoute.swift */ = {isa = PBXFileReference; lastKnownFileType = sourcecode.swift; path = AppRoute.swift; sourceTree = "<group>"; };
		E452572C2FFB1B9E00B80942 /* AppCoordinatorView.swift */ = {isa = PBXFileReference; lastKnownFileType = sourcecode.swift; path = AppCoordinatorView.swift; sourceTree = "<group>"; };
		E452572E2FFB1BAD00B80942 /* UserListView.swift */ = {isa = PBXFileReference; lastKnownFileType = sourcecode.swift; path = UserListView.swift; sourceTree = "<group>"; };
		E45257302FFB1BB300B80942 /* UserListViewModel.swift */ = {isa = PBXFileReference; lastKnownFileType = sourcecode.swift; path = UserListViewModel.swift; sourceTree = "<group>"; };
		E45257412FFB204200B80942 /* UserManager-Info.plist */ = {isa = PBXFileReference; lastKnownFileType = text.plist.xml; path = "UserManager-Info.plist"; sourceTree = "<group>"; };
		E46C2EDC2FFAEAFA008860B9 /* UserManager.app */ = {isa = PBXFileReference; explicitFileType = wrapper.application; includeInIndex = 0; path = UserManager.app; sourceTree = BUILT_PRODUCTS_DIR; };
		E46C2EDF2FFAEAFA008860B9 /* UserManagerApp.swift */ = {isa = PBXFileReference; lastKnownFileType = sourcecode.swift; path = UserManagerApp.swift; sourceTree = "<group>"; };
/* End PBXFileReference section */

/* Begin PBXFrameworksBuildPhase section */
		E46C2ED92FFAEAFA008860B9 /* Frameworks */ = {
			isa = PBXFrameworksBuildPhase;
			buildActionMask = 2147483647;
			files = (
				E45257402FFB1DD600B80942 /* RealmSwift in Frameworks */,
				E45257392FFB1D6B00B80942 /* Alamofire in Frameworks */,
			);
			runOnlyForDeploymentPostprocessing = 0;
		};
/* End PBXFrameworksBuildPhase section */

/* Begin PBXGroup section */
		E45257322FFB1C0D00B80942 /* Frameworks */ = {
			isa = PBXGroup;
			children = (
			);
			name = Frameworks;
			sourceTree = "<group>";
		};
		E46C2ED32FFAEAFA008860B9 = {
			isa = PBXGroup;
			children = (
				E45257412FFB204200B80942 /* UserManager-Info.plist */,
				E46C2F052FFAF162008860B9 /* Data */,
				E46C2EFB2FFAF08C008860B9 /* App */,
				E46C2EFC2FFAF0B1008860B9 /* Domain */,
				E46C2F0F2FFAF207008860B9 /* Services */,
				E46C2EF42FFAEFCF008860B9 /* Coordinators */,
				E46C2F0A2FFAF1C1008860B9 /* Presentation */,
				E46C2F102FFAF226008860B9 /* Utils */,
				E46C2F112FFAF236008860B9 /* Resources */,
				E45257322FFB1C0D00B80942 /* Frameworks */,
				E46C2EDD2FFAEAFA008860B9 /* Products */,
			);
			sourceTree = "<group>";
		};
		E46C2EDD2FFAEAFA008860B9 /* Products */ = {
			isa = PBXGroup;
			children = (
				E46C2EDC2FFAEAFA008860B9 /* UserManager.app */,
			);
			name = Products;
			sourceTree = "<group>";
		};
		E46C2EF42FFAEFCF008860B9 /* Coordinators */ = {
			isa = PBXGroup;
			children = (
				E452572C2FFB1B9E00B80942 /* AppCoordinatorView.swift */,
				E452572A2FFB1B9700B80942 /* AppRoute.swift */,
				E45257282FFB1B8F00B80942 /* NavigationRouter.swift */,
			);
			path = Coordinators;
			sourceTree = "<group>";
		};
		E46C2EFB2FFAF08C008860B9 /* App */ = {
			isa = PBXGroup;
			children = (
				E46C2EDF2FFAEAFA008860B9 /* UserManagerApp.swift */,
			);
			path = App;
			sourceTree = "<group>";
		};
		E46C2EFC2FFAF0B1008860B9 /* Domain */ = {
			isa = PBXGroup;
			children = (
				E46C2F042FFAF14C008860B9 /* Entities */,
				E46C2F002FFAF0EC008860B9 /* UsesCases */,
				E46C2EFF2FFAF0E5008860B9 /* Repositories */,
			);
			path = Domain;
			sourceTree = "<group>";
		};
		E46C2EFF2FFAF0E5008860B9 /* Repositories */ = {
			isa = PBXGroup;
			children = (
				E45257262FFB1B7F00B80942 /* UserRepositoryProtocol.swift */,
			);
			path = Repositories;
			sourceTree = "<group>";
		};
		E46C2F002FFAF0EC008860B9 /* UsesCases */ = {
			isa = PBXGroup;
			children = (
				E4508CE02FFB2B4200FFBE43 /* SaveUserUseCase.swift */,
				E45257242FFB1B7200B80942 /* FetchUsersUseCase.swift */,
			);
			path = UsesCases;
			sourceTree = "<group>";
		};
		E46C2F042FFAF14C008860B9 /* Entities */ = {
			isa = PBXGroup;
			children = (
				E45257222FFB1B6800B80942 /* User.swift */,
			);
			path = Entities;
			sourceTree = "<group>";
		};
		E46C2F052FFAF162008860B9 /* Data */ = {
			isa = PBXGroup;
			children = (
				E46C2F082FFAF192008860B9 /* Repositories */,
				E46C2F072FFAF17E008860B9 /* Persistence */,
				E46C2F062FFAF175008860B9 /* Network */,
			);
			path = Data;
			sourceTree = "<group>";
		};
		E46C2F062FFAF175008860B9 /* Network */ = {
			isa = PBXGroup;
			children = (
				E45257202FFB1B5D00B80942 /* APIService.swift */,
				E46C2F092FFAF1A6008860B9 /* DTOs */,
			);
			path = Network;
			sourceTree = "<group>";
		};
		E46C2F072FFAF17E008860B9 /* Persistence */ = {
			isa = PBXGroup;
			children = (
				E452571C2FFB1B4500B80942 /* UserRealmObject.swift */,
				E452571A2FFB1B3C00B80942 /* RealmService.swift */,
			);
			path = Persistence;
			sourceTree = "<group>";
		};
		E46C2F082FFAF192008860B9 /* Repositories */ = {
			isa = PBXGroup;
			children = (
				E45257182FFB1B3200B80942 /* UserRepository.swift */,
			);
			path = Repositories;
			sourceTree = "<group>";
		};
		E46C2F092FFAF1A6008860B9 /* DTOs */ = {
			isa = PBXGroup;
			children = (
				E452571E2FFB1B5000B80942 /* UserDTO.swift */,
			);
			path = DTOs;
			sourceTree = "<group>";
		};
		E46C2F0A2FFAF1C1008860B9 /* Presentation */ = {
			isa = PBXGroup;
			children = (
				E46C2F0E2FFAF1F9008860B9 /* Components */,
				E46C2F0D2FFAF1DC008860B9 /* CreateUser */,
				E46C2F0C2FFAF1D1008860B9 /* UserDetail */,
				E46C2F0B2FFAF1C9008860B9 /* UserList */,
			);
			path = Presentation;
			sourceTree = "<group>";
		};
		E46C2F0B2FFAF1C9008860B9 /* UserList */ = {
			isa = PBXGroup;
			children = (
				E45257302FFB1BB300B80942 /* UserListViewModel.swift */,
				E452572E2FFB1BAD00B80942 /* UserListView.swift */,
			);
			path = UserList;
			sourceTree = "<group>";
		};
		E46C2F0C2FFAF1D1008860B9 /* UserDetail */ = {
			isa = PBXGroup;
			children = (
			);
			path = UserDetail;
			sourceTree = "<group>";
		};
		E46C2F0D2FFAF1DC008860B9 /* CreateUser */ = {
			isa = PBXGroup;
			children = (
				E4508CD82FFB251D00FFBE43 /* CreateUserView.swift */,
				E4508CD62FFB250300FFBE43 /* CreateUserViewModel.swift */,
			);
			path = CreateUser;
			sourceTree = "<group>";
		};
		E46C2F0E2FFAF1F9008860B9 /* Components */ = {
			isa = PBXGroup;
			children = (
				E4508CDA2FFB270000FFBE43 /* ValidatedTextField.swift */,
			);
			path = Components;
			sourceTree = "<group>";
		};
		E46C2F0F2FFAF207008860B9 /* Services */ = {
			isa = PBXGroup;
			children = (
				E4508CDC2FFB278600FFBE43 /* LocationService.swift */,
			);
			path = Services;
			sourceTree = "<group>";
		};
		E46C2F102FFAF226008860B9 /* Utils */ = {
			isa = PBXGroup;
			children = (
				E4508CDE2FFB27FE00FFBE43 /* Validators.swift */,
			);
			path = Utils;
			sourceTree = "<group>";
		};
		E46C2F112FFAF236008860B9 /* Resources */ = {
			isa = PBXGroup;
			children = (
				E4508CE22FFB311E00FFBE43 /* Localizable.strings */,
			);
			path = Resources;
			sourceTree = "<group>";
		};
/* End PBXGroup section */

/* Begin PBXNativeTarget section */
		E46C2EDB2FFAEAFA008860B9 /* UserManager */ = {
			isa = PBXNativeTarget;
			buildConfigurationList = E46C2EE72FFAEAFE008860B9 /* Build configuration list for PBXNativeTarget "UserManager" */;
			buildPhases = (
				E46C2ED82FFAEAFA008860B9 /* Sources */,
				E46C2ED92FFAEAFA008860B9 /* Frameworks */,
				E46C2EDA2FFAEAFA008860B9 /* Resources */,
				E45257362FFB1C0D00B80942 /* Embed Frameworks */,
			);
			buildRules = (
			);
			dependencies = (
			);
			name = UserManager;
			packageProductDependencies = (
				E45257382FFB1D6B00B80942 /* Alamofire */,
				E452573F2FFB1DD600B80942 /* RealmSwift */,
			);
			productName = UserManager;
			productReference = E46C2EDC2FFAEAFA008860B9 /* UserManager.app */;
			productType = "com.apple.product-type.application";
		};
/* End PBXNativeTarget section */

/* Begin PBXProject section */
		E46C2ED42FFAEAFA008860B9 /* Project object */ = {
			isa = PBXProject;
			attributes = {
				BuildIndependentTargetsInParallel = 1;
				LastSwiftUpdateCheck = 2620;
				LastUpgradeCheck = 2620;
				TargetAttributes = {
					E46C2EDB2FFAEAFA008860B9 = {
						CreatedOnToolsVersion = 26.2;
					};
				};
			};
			buildConfigurationList = E46C2ED72FFAEAFA008860B9 /* Build configuration list for PBXProject "UserManager" */;
			developmentRegion = en;
			hasScannedForEncodings = 0;
			knownRegions = (
				en,
				Base,
			);
			mainGroup = E46C2ED32FFAEAFA008860B9;
			minimizedProjectReferenceProxies = 1;
			packageReferences = (
				E45257372FFB1D6B00B80942 /* XCRemoteSwiftPackageReference "Alamofire" */,
				E452573C2FFB1DD600B80942 /* XCRemoteSwiftPackageReference "realm-swift" */,
			);
			preferredProjectObjectVersion = 77;
			productRefGroup = E46C2EDD2FFAEAFA008860B9 /* Products */;
			projectDirPath = "";
			projectRoot = "";
			targets = (
				E46C2EDB2FFAEAFA008860B9 /* UserManager */,
			);
		};
/* End PBXProject section */

/* Begin PBXResourcesBuildPhase section */
		E46C2EDA2FFAEAFA008860B9 /* Resources */ = {
			isa = PBXResourcesBuildPhase;
			buildActionMask = 2147483647;
			files = (
				E45257422FFB204200B80942 /* UserManager-Info.plist in Resources */,
				E4508CE42FFB311E00FFBE43 /* Localizable.strings in Resources */,
			);
			runOnlyForDeploymentPostprocessing = 0;
		};
/* End PBXResourcesBuildPhase section */

/* Begin PBXSourcesBuildPhase section */
		E46C2ED82FFAEAFA008860B9 /* Sources */ = {
			isa = PBXSourcesBuildPhase;
			buildActionMask = 2147483647;
			files = (
				E45257192FFB1B3200B80942 /* UserRepository.swift in Sources */,
				E452571B2FFB1B3C00B80942 /* RealmService.swift in Sources */,
				E4508CDB2FFB270600FFBE43 /* ValidatedTextField.swift in Sources */,
				E4508CE12FFB2B4700FFBE43 /* SaveUserUseCase.swift in Sources */,
				E4508CD72FFB250E00FFBE43 /* CreateUserViewModel.swift in Sources */,
				E46C2EE02FFAEAFA008860B9 /* UserManagerApp.swift in Sources */,
				E4508CDF2FFB283100FFBE43 /* Validators.swift in Sources */,
				E452571F2FFB1B5000B80942 /* UserDTO.swift in Sources */,
				E45257212FFB1B5D00B80942 /* APIService.swift in Sources */,
				E45257272FFB1B7F00B80942 /* UserRepositoryProtocol.swift in Sources */,
				E452572B2FFB1B9700B80942 /* AppRoute.swift in Sources */,
				E452571D2FFB1B4500B80942 /* UserRealmObject.swift in Sources */,
				E45257232FFB1B6800B80942 /* User.swift in Sources */,
				E45257312FFB1BB300B80942 /* UserListViewModel.swift in Sources */,
				E45257292FFB1B8F00B80942 /* NavigationRouter.swift in Sources */,
				E45257252FFB1B7200B80942 /* FetchUsersUseCase.swift in Sources */,
				E4508CD92FFB252000FFBE43 /* CreateUserView.swift in Sources */,
				E452572D2FFB1B9E00B80942 /* AppCoordinatorView.swift in Sources */,
				E4508CDD2FFB27AB00FFBE43 /* LocationService.swift in Sources */,
				E452572F2FFB1BAD00B80942 /* UserListView.swift in Sources */,
			);
			runOnlyForDeploymentPostprocessing = 0;
		};
/* End PBXSourcesBuildPhase section */

/* Begin PBXVariantGroup section */
		E4508CE22FFB311E00FFBE43 /* Localizable.strings */ = {
			isa = PBXVariantGroup;
			children = (
				E4508CE32FFB311E00FFBE43 /* en */,
			);
			name = Localizable.strings;
			sourceTree = "<group>";
		};
/* End PBXVariantGroup section */

/* Begin XCBuildConfiguration section */
		E46C2EE52FFAEAFE008860B9 /* Debug */ = {
			isa = XCBuildConfiguration;
			buildSettings = {
				ALWAYS_SEARCH_USER_PATHS = NO;
				ASSETCATALOG_COMPILER_GENERATE_SWIFT_ASSET_SYMBOL_EXTENSIONS = YES;
				CLANG_ANALYZER_NONNULL = YES;
				CLANG_ANALYZER_NUMBER_OBJECT_CONVERSION = YES_AGGRESSIVE;
				CLANG_CXX_LANGUAGE_STANDARD = "gnu++20";
				CLANG_ENABLE_MODULES = YES;
				CLANG_ENABLE_OBJC_ARC = YES;
				CLANG_ENABLE_OBJC_WEAK = YES;
				CLANG_WARN_BLOCK_CAPTURE_AUTORELEASING = YES;
				CLANG_WARN_BOOL_CONVERSION = YES;
				CLANG_WARN_COMMA = YES;
				CLANG_WARN_CONSTANT_CONVERSION = YES;
				CLANG_WARN_DEPRECATED_OBJC_IMPLEMENTATIONS = YES;
				CLANG_WARN_DIRECT_OBJC_ISA_USAGE = YES_ERROR;
				CLANG_WARN_DOCUMENTATION_COMMENTS = YES;
				CLANG_WARN_EMPTY_BODY = YES;
				CLANG_WARN_ENUM_CONVERSION = YES;
				CLANG_WARN_INFINITE_RECURSION = YES;
				CLANG_WARN_INT_CONVERSION = YES;
				CLANG_WARN_NON_LITERAL_NULL_CONVERSION = YES;
				CLANG_WARN_OBJC_IMPLICIT_RETAIN_SELF = YES;
				CLANG_WARN_OBJC_LITERAL_CONVERSION = YES;
				CLANG_WARN_OBJC_ROOT_CLASS = YES_ERROR;
				CLANG_WARN_QUOTED_INCLUDE_IN_FRAMEWORK_HEADER = YES;
				CLANG_WARN_RANGE_LOOP_ANALYSIS = YES;
				CLANG_WARN_STRICT_PROTOTYPES = YES;
				CLANG_WARN_SUSPICIOUS_MOVE = YES;
				CLANG_WARN_UNGUARDED_AVAILABILITY = YES_AGGRESSIVE;
				CLANG_WARN_UNREACHABLE_CODE = YES;
				CLANG_WARN__DUPLICATE_METHOD_MATCH = YES;
				COPY_PHASE_STRIP = NO;
				DEBUG_INFORMATION_FORMAT = dwarf;
				ENABLE_STRICT_OBJC_MSGSEND = YES;
				ENABLE_TESTABILITY = YES;
				ENABLE_USER_SCRIPT_SANDBOXING = YES;
				GCC_C_LANGUAGE_STANDARD = gnu17;
				GCC_DYNAMIC_NO_PIC = NO;
				GCC_NO_COMMON_BLOCKS = YES;
				GCC_OPTIMIZATION_LEVEL = 0;
				GCC_PREPROCESSOR_DEFINITIONS = (
					"DEBUG=1",
					"$(inherited)",
				);
				GCC_WARN_64_TO_32_BIT_CONVERSION = YES;
				GCC_WARN_ABOUT_RETURN_TYPE = YES_ERROR;
				GCC_WARN_UNDECLARED_SELECTOR = YES;
				GCC_WARN_UNINITIALIZED_AUTOS = YES_AGGRESSIVE;
				GCC_WARN_UNUSED_FUNCTION = YES;
				GCC_WARN_UNUSED_VARIABLE = YES;
				IPHONEOS_DEPLOYMENT_TARGET = 26.2;
				LOCALIZATION_PREFERS_STRING_CATALOGS = YES;
				MTL_ENABLE_DEBUG_INFO = INCLUDE_SOURCE;
				MTL_FAST_MATH = YES;
				ONLY_ACTIVE_ARCH = YES;
				SDKROOT = iphoneos;
				SWIFT_ACTIVE_COMPILATION_CONDITIONS = "DEBUG $(inherited)";
				SWIFT_OPTIMIZATION_LEVEL = "-Onone";
			};
			name = Debug;
		};
		E46C2EE62FFAEAFE008860B9 /* Release */ = {
			isa = XCBuildConfiguration;
			buildSettings = {
				ALWAYS_SEARCH_USER_PATHS = NO;
				ASSETCATALOG_COMPILER_GENERATE_SWIFT_ASSET_SYMBOL_EXTENSIONS = YES;
				CLANG_ANALYZER_NONNULL = YES;
				CLANG_ANALYZER_NUMBER_OBJECT_CONVERSION = YES_AGGRESSIVE;
				CLANG_CXX_LANGUAGE_STANDARD = "gnu++20";
				CLANG_ENABLE_MODULES = YES;
				CLANG_ENABLE_OBJC_ARC = YES;
				CLANG_ENABLE_OBJC_WEAK = YES;
				CLANG_WARN_BLOCK_CAPTURE_AUTORELEASING = YES;
				CLANG_WARN_BOOL_CONVERSION = YES;
				CLANG_WARN_COMMA = YES;
				CLANG_WARN_CONSTANT_CONVERSION = YES;
				CLANG_WARN_DEPRECATED_OBJC_IMPLEMENTATIONS = YES;
				CLANG_WARN_DIRECT_OBJC_ISA_USAGE = YES_ERROR;
				CLANG_WARN_DOCUMENTATION_COMMENTS = YES;
				CLANG_WARN_EMPTY_BODY = YES;
				CLANG_WARN_ENUM_CONVERSION = YES;
				CLANG_WARN_INFINITE_RECURSION = YES;
				CLANG_WARN_INT_CONVERSION = YES;
				CLANG_WARN_NON_LITERAL_NULL_CONVERSION = YES;
				CLANG_WARN_OBJC_IMPLICIT_RETAIN_SELF = YES;
				CLANG_WARN_OBJC_LITERAL_CONVERSION = YES;
				CLANG_WARN_OBJC_ROOT_CLASS = YES_ERROR;
				CLANG_WARN_QUOTED_INCLUDE_IN_FRAMEWORK_HEADER = YES;
				CLANG_WARN_RANGE_LOOP_ANALYSIS = YES;
				CLANG_WARN_STRICT_PROTOTYPES = YES;
				CLANG_WARN_SUSPICIOUS_MOVE = YES;
				CLANG_WARN_UNGUARDED_AVAILABILITY = YES_AGGRESSIVE;
				CLANG_WARN_UNREACHABLE_CODE = YES;
				CLANG_WARN__DUPLICATE_METHOD_MATCH = YES;
				COPY_PHASE_STRIP = NO;
				DEBUG_INFORMATION_FORMAT = "dwarf-with-dsym";
				ENABLE_NS_ASSERTIONS = NO;
				ENABLE_STRICT_OBJC_MSGSEND = YES;
				ENABLE_USER_SCRIPT_SANDBOXING = YES;
				GCC_C_LANGUAGE_STANDARD = gnu17;
				GCC_NO_COMMON_BLOCKS = YES;
				GCC_WARN_64_TO_32_BIT_CONVERSION = YES;
				GCC_WARN_ABOUT_RETURN_TYPE = YES_ERROR;
				GCC_WARN_UNDECLARED_SELECTOR = YES;
				GCC_WARN_UNINITIALIZED_AUTOS = YES_AGGRESSIVE;
				GCC_WARN_UNUSED_FUNCTION = YES;
				GCC_WARN_UNUSED_VARIABLE = YES;
				IPHONEOS_DEPLOYMENT_TARGET = 26.2;
				LOCALIZATION_PREFERS_STRING_CATALOGS = YES;
				MTL_ENABLE_DEBUG_INFO = NO;
				MTL_FAST_MATH = YES;
				SDKROOT = iphoneos;
				SWIFT_COMPILATION_MODE = wholemodule;
				VALIDATE_PRODUCT = YES;
			};
			name = Release;
		};
		E46C2EE82FFAEAFE008860B9 /* Debug */ = {
			isa = XCBuildConfiguration;
			buildSettings = {
				ASSETCATALOG_COMPILER_APPICON_NAME = AppIcon;
				ASSETCATALOG_COMPILER_GLOBAL_ACCENT_COLOR_NAME = AccentColor;
				CODE_SIGN_STYLE = Automatic;
				CURRENT_PROJECT_VERSION = 1;
				ENABLE_PREVIEWS = YES;
				GENERATE_INFOPLIST_FILE = YES;
				INFOPLIST_KEY_UIApplicationSceneManifest_Generation = YES;
				INFOPLIST_KEY_UIApplicationSupportsIndirectInputEvents = YES;
				INFOPLIST_KEY_UILaunchScreen_Generation = YES;
				INFOPLIST_KEY_UISupportedInterfaceOrientations_iPad = "UIInterfaceOrientationPortrait UIInterfaceOrientationPortraitUpsideDown UIInterfaceOrientationLandscapeLeft UIInterfaceOrientationLandscapeRight";
				INFOPLIST_KEY_UISupportedInterfaceOrientations_iPhone = "UIInterfaceOrientationPortrait UIInterfaceOrientationLandscapeLeft UIInterfaceOrientationLandscapeRight";
				LD_RUNPATH_SEARCH_PATHS = (
					"$(inherited)",
					"@executable_path/Frameworks",
				);
				MARKETING_VERSION = 1.0;
				PRODUCT_BUNDLE_IDENTIFIER = com.crud.UserManager;
				PRODUCT_NAME = "$(TARGET_NAME)";
				STRING_CATALOG_GENERATE_SYMBOLS = YES;
				SWIFT_APPROACHABLE_CONCURRENCY = YES;
				SWIFT_DEFAULT_ACTOR_ISOLATION = MainActor;
				SWIFT_EMIT_LOC_STRINGS = YES;
				SWIFT_UPCOMING_FEATURE_MEMBER_IMPORT_VISIBILITY = YES;
				SWIFT_VERSION = 5.0;
				TARGETED_DEVICE_FAMILY = "1,2";
			};
			name = Debug;
		};
		E46C2EE92FFAEAFE008860B9 /* Release */ = {
			isa = XCBuildConfiguration;
			buildSettings = {
				ASSETCATALOG_COMPILER_APPICON_NAME = AppIcon;
				ASSETCATALOG_COMPILER_GLOBAL_ACCENT_COLOR_NAME = AccentColor;
				CODE_SIGN_STYLE = Automatic;
				CURRENT_PROJECT_VERSION = 1;
				ENABLE_PREVIEWS = YES;
				GENERATE_INFOPLIST_FILE = YES;
				INFOPLIST_KEY_UIApplicationSceneManifest_Generation = YES;
				INFOPLIST_KEY_UIApplicationSupportsIndirectInputEvents = YES;
				INFOPLIST_KEY_UILaunchScreen_Generation = YES;
				INFOPLIST_KEY_UISupportedInterfaceOrientations_iPad = "UIInterfaceOrientationPortrait UIInterfaceOrientationPortraitUpsideDown UIInterfaceOrientationLandscapeLeft UIInterfaceOrientationLandscapeRight";
				INFOPLIST_KEY_UISupportedInterfaceOrientations_iPhone = "UIInterfaceOrientationPortrait UIInterfaceOrientationLandscapeLeft UIInterfaceOrientationLandscapeRight";
				LD_RUNPATH_SEARCH_PATHS = (
					"$(inherited)",
					"@executable_path/Frameworks",
				);
				MARKETING_VERSION = 1.0;
				PRODUCT_BUNDLE_IDENTIFIER = com.crud.UserManager;
				PRODUCT_NAME = "$(TARGET_NAME)";
				STRING_CATALOG_GENERATE_SYMBOLS = YES;
				SWIFT_APPROACHABLE_CONCURRENCY = YES;
				SWIFT_DEFAULT_ACTOR_ISOLATION = MainActor;
				SWIFT_EMIT_LOC_STRINGS = YES;
				SWIFT_UPCOMING_FEATURE_MEMBER_IMPORT_VISIBILITY = YES;
				SWIFT_VERSION = 5.0;
				TARGETED_DEVICE_FAMILY = "1,2";
			};
			name = Release;
		};
/* End XCBuildConfiguration section */

/* Begin XCConfigurationList section */
		E46C2ED72FFAEAFA008860B9 /* Build configuration list for PBXProject "UserManager" */ = {
			isa = XCConfigurationList;
			buildConfigurations = (
				E46C2EE52FFAEAFE008860B9 /* Debug */,
				E46C2EE62FFAEAFE008860B9 /* Release */,
			);
			defaultConfigurationIsVisible = 0;
			defaultConfigurationName = Release;
		};
		E46C2EE72FFAEAFE008860B9 /* Build configuration list for PBXNativeTarget "UserManager" */ = {
			isa = XCConfigurationList;
			buildConfigurations = (
				E46C2EE82FFAEAFE008860B9 /* Debug */,
				E46C2EE92FFAEAFE008860B9 /* Release */,
			);
			defaultConfigurationIsVisible = 0;
			defaultConfigurationName = Release;
		};
/* End XCConfigurationList section */

/* Begin XCRemoteSwiftPackageReference section */
		E45257372FFB1D6B00B80942 /* XCRemoteSwiftPackageReference "Alamofire" */ = {
			isa = XCRemoteSwiftPackageReference;
			repositoryURL = "https://github.com/Alamofire/Alamofire";
			requirement = {
				kind = upToNextMajorVersion;
				minimumVersion = 5.12.0;
			};
		};
		E452573C2FFB1DD600B80942 /* XCRemoteSwiftPackageReference "realm-swift" */ = {
			isa = XCRemoteSwiftPackageReference;
			repositoryURL = "https://github.com/realm/realm-swift";
			requirement = {
				kind = upToNextMajorVersion;
				minimumVersion = 10.0.0;
			};
		};
/* End XCRemoteSwiftPackageReference section */

/* Begin XCSwiftPackageProductDependency section */
		E45257382FFB1D6B00B80942 /* Alamofire */ = {
			isa = XCSwiftPackageProductDependency;
			package = E45257372FFB1D6B00B80942 /* XCRemoteSwiftPackageReference "Alamofire" */;
			productName = Alamofire;
		};
		E452573F2FFB1DD600B80942 /* RealmSwift */ = {
			isa = XCSwiftPackageProductDependency;
			package = E452573C2FFB1DD600B80942 /* XCRemoteSwiftPackageReference "realm-swift" */;
			productName = RealmSwift;
		};
/* End XCSwiftPackageProductDependency section */
	};
	rootObject = E46C2ED42FFAEAFA008860B9 /* Project object */;
}
