// !$*UTF8*$!
{
	archiveVersion = 1;
	classes = {
	};
	objectVersion = 77;
	objects = {

/* Begin PBXBuildFile section */
		E45256F02FFAF39500B80942 /* Assets.xcassets in Resources */ = {isa = PBXBuildFile; fileRef = E45256ED2FFAF39500B80942 /* Assets.xcassets */; };
		E45256FC2FFAFBBF00B80942 /* AppRoute.swift in Sources */ = {isa = PBXBuildFile; fileRef = E45256FB2FFAFA5400B80942 /* AppRoute.swift */; };
		E45256FD2FFAFBC400B80942 /* AppCoordinatorView.swift in Sources */ = {isa = PBXBuildFile; fileRef = E45256FA2FFAFA2100B80942 /* AppCoordinatorView.swift */; };
		E45256FE2FFAFBC800B80942 /* NavigationRouter.swift in Sources */ = {isa = PBXBuildFile; fileRef = E45256F92FFAF9F500B80942 /* NavigationRouter.swift */; };
		E45256FF2FFAFC0A00B80942 /* UserListViewModel.swift in Sources */ = {isa = PBXBuildFile; fileRef = E45256F52FFAF6D200B80942 /* UserListViewModel.swift */; };
		E45257002FFAFC0E00B80942 /* UserListView.swift in Sources */ = {isa = PBXBuildFile; fileRef = E45256F42FFAF62A00B80942 /* UserListView.swift */; };
		E45257012FFAFC2600B80942 /* User.swift in Sources */ = {isa = PBXBuildFile; fileRef = E45256F72FFAF7B200B80942 /* User.swift */; };
		E45257022FFAFC2A00B80942 /* FetchUsersUseCase.swift in Sources */ = {isa = PBXBuildFile; fileRef = E45256F62FFAF74800B80942 /* FetchUsersUseCase.swift */; };
		E45257032FFAFC2E00B80942 /* UserRepositoryProtocol.swift in Sources */ = {isa = PBXBuildFile; fileRef = E45256F82FFAF80100B80942 /* UserRepositoryProtocol.swift */; };
		E45257062FFAFE6500B80942 /* APIService.swift in Sources */ = {isa = PBXBuildFile; fileRef = E45257052FFAFE4700B80942 /* APIService.swift */; };
		E45257082FFAFEA200B80942 /* UserDTO.swift in Sources */ = {isa = PBXBuildFile; fileRef = E45257072FFAFE9D00B80942 /* UserDTO.swift */; };
		E452570A2FFAFF0600B80942 /* UserRealmObject.swift in Sources */ = {isa = PBXBuildFile; fileRef = E45257092FFAFF0000B80942 /* UserRealmObject.swift */; };
		E452570C2FFAFF1800B80942 /* RealmService.swift in Sources */ = {isa = PBXBuildFile; fileRef = E452570B2FFAFF1400B80942 /* RealmService.swift */; };
		E45257112FFB000900B80942 /* RealmSwift in Frameworks */ = {isa = PBXBuildFile; productRef = E45257102FFB000900B80942 /* RealmSwift */; };
		E45257122FFB00C300B80942 /* UserRepository.swift in Sources */ = {isa = PBXBuildFile; fileRef = E45257042FFAFD3500B80942 /* UserRepository.swift */; };
		E46C2EE02FFAEAFA008860B9 /* UserManagerApp.swift in Sources */ = {isa = PBXBuildFile; fileRef = E46C2EDF2FFAEAFA008860B9 /* UserManagerApp.swift */; };
		E46C2EEC2FFAEF2E008860B9 /* Alamofire in Frameworks */ = {isa = PBXBuildFile; productRef = E46C2EEB2FFAEF2E008860B9 /* Alamofire */; };
/* End PBXBuildFile section */

/* Begin PBXFileReference section */
		E45256ED2FFAF39500B80942 /* Assets.xcassets */ = {isa = PBXFileReference; lastKnownFileType = folder.assetcatalog; path = Assets.xcassets; sourceTree = "<group>"; };
		E45256F42FFAF62A00B80942 /* UserListView.swift */ = {isa = PBXFileReference; lastKnownFileType = sourcecode.swift; path = UserListView.swift; sourceTree = "<group>"; };
		E45256F52FFAF6D200B80942 /* UserListViewModel.swift */ = {isa = PBXFileReference; lastKnownFileType = sourcecode.swift; path = UserListViewModel.swift; sourceTree = "<group>"; };
		E45256F62FFAF74800B80942 /* FetchUsersUseCase.swift */ = {isa = PBXFileReference; lastKnownFileType = sourcecode.swift; path = FetchUsersUseCase.swift; sourceTree = "<group>"; };
		E45256F72FFAF7B200B80942 /* User.swift */ = {isa = PBXFileReference; lastKnownFileType = sourcecode.swift; path = User.swift; sourceTree = "<group>"; };
		E45256F82FFAF80100B80942 /* UserRepositoryProtocol.swift */ = {isa = PBXFileReference; lastKnownFileType = sourcecode.swift; path = UserRepositoryProtocol.swift; sourceTree = "<group>"; };
		E45256F92FFAF9F500B80942 /* NavigationRouter.swift */ = {isa = PBXFileReference; lastKnownFileType = sourcecode.swift; path = NavigationRouter.swift; sourceTree = "<group>"; };
		E45256FA2FFAFA2100B80942 /* AppCoordinatorView.swift */ = {isa = PBXFileReference; lastKnownFileType = sourcecode.swift; path = AppCoordinatorView.swift; sourceTree = "<group>"; };
		E45256FB2FFAFA5400B80942 /* AppRoute.swift */ = {isa = PBXFileReference; lastKnownFileType = sourcecode.swift; path = AppRoute.swift; sourceTree = "<group>"; };
		E45257042FFAFD3500B80942 /* UserRepository.swift */ = {isa = PBXFileReference; lastKnownFileType = sourcecode.swift; path = UserRepository.swift; sourceTree = "<group>"; };
		E45257052FFAFE4700B80942 /* APIService.swift */ = {isa = PBXFileReference; lastKnownFileType = sourcecode.swift; path = APIService.swift; sourceTree = "<group>"; };
		E45257072FFAFE9D00B80942 /* UserDTO.swift */ = {isa = PBXFileReference; lastKnownFileType = sourcecode.swift; path = UserDTO.swift; sourceTree = "<group>"; };
		E45257092FFAFF0000B80942 /* UserRealmObject.swift */ = {isa = PBXFileReference; lastKnownFileType = sourcecode.swift; path = UserRealmObject.swift; sourceTree = "<group>"; };
		E452570B2FFAFF1400B80942 /* RealmService.swift */ = {isa = PBXFileReference; lastKnownFileType = sourcecode.swift; path = RealmService.swift; sourceTree = "<group>"; };
		E45257132FFB118D00B80942 /* UserManager-Info.plist */ = {isa = PBXFileReference; lastKnownFileType = text.plist; path = "UserManager-Info.plist"; sourceTree = "<group>"; };
		E46C2EDC2FFAEAFA008860B9 /* UserManager.app */ = {isa = PBXFileReference; explicitFileType = wrapper.application; includeInIndex = 0; path = UserManager.app; sourceTree = BUILT_PRODUCTS_DIR; };
		E46C2EDF2FFAEAFA008860B9 /* UserManagerApp.swift */ = {isa = PBXFileReference; lastKnownFileType = sourcecode.swift; path = UserManagerApp.swift; sourceTree = "<group>"; };
/* End PBXFileReference section */

/* Begin PBXFrameworksBuildPhase section */
		E46C2ED92FFAEAFA008860B9 /* Frameworks */ = {
			isa = PBXFrameworksBuildPhase;
			buildActionMask = 2147483647;
			files = (
				E45257112FFB000900B80942 /* RealmSwift in Frameworks */,
				E46C2EEC2FFAEF2E008860B9 /* Alamofire in Frameworks */,
			);
			runOnlyForDeploymentPostprocessing = 0;
		};
/* End PBXFrameworksBuildPhase section */

/* Begin PBXGroup section */
		E46C2ED32FFAEAFA008860B9 = {
			isa = PBXGroup;
			children = (
				E45257132FFB118D00B80942 /* UserManager-Info.plist */,
				E45256ED2FFAF39500B80942 /* Assets.xcassets */,
				E46C2F052FFAF162008860B9 /* Data */,
				E46C2EFB2FFAF08C008860B9 /* App */,
				E46C2EFC2FFAF0B1008860B9 /* Domain */,
				E46C2F0F2FFAF207008860B9 /* Services */,
				E46C2EF42FFAEFCF008860B9 /* Coordinators */,
				E46C2F0A2FFAF1C1008860B9 /* Presentation */,
				E46C2F102FFAF226008860B9 /* Utils */,
				E46C2F112FFAF236008860B9 /* Resources */,
				E46C2EDD2FFAEAFA008860B9 /* Products */,
			);
			sourceTree = "<group>";
		};
		E46C2EDD2FFAEAFA008860B9 /* Products */ = {
			isa = PBXGroup;
			children = (
				E46C2EDC2FFAEAFA008860B9 /* UserManager.app */,
			);
			name = Products;
			sourceTree = "<group>";
		};
		E46C2EF42FFAEFCF008860B9 /* Coordinators */ = {
			isa = PBXGroup;
			children = (
				E45256FB2FFAFA5400B80942 /* AppRoute.swift */,
				E45256FA2FFAFA2100B80942 /* AppCoordinatorView.swift */,
				E45256F92FFAF9F500B80942 /* NavigationRouter.swift */,
			);
			path = Coordinators;
			sourceTree = "<group>";
		};
		E46C2EFB2FFAF08C008860B9 /* App */ = {
			isa = PBXGroup;
			children = (
				E46C2EDF2FFAEAFA008860B9 /* UserManagerApp.swift */,
			);
			path = App;
			sourceTree = "<group>";
		};
		E46C2EFC2FFAF0B1008860B9 /* Domain */ = {
			isa = PBXGroup;
			children = (
				E46C2F042FFAF14C008860B9 /* Entities */,
				E46C2F002FFAF0EC008860B9 /* UsesCases */,
				E46C2EFF2FFAF0E5008860B9 /* Repositories */,
			);
			path = Domain;
			sourceTree = "<group>";
		};
		E46C2EFF2FFAF0E5008860B9 /* Repositories */ = {
			isa = PBXGroup;
			children = (
				E45256F82FFAF80100B80942 /* UserRepositoryProtocol.swift */,
			);
			path = Repositories;
			sourceTree = "<group>";
		};
		E46C2F002FFAF0EC008860B9 /* UsesCases */ = {
			isa = PBXGroup;
			children = (
				E45256F62FFAF74800B80942 /* FetchUsersUseCase.swift */,
			);
			path = UsesCases;
			sourceTree = "<group>";
		};
		E46C2F042FFAF14C008860B9 /* Entities */ = {
			isa = PBXGroup;
			children = (
				E45256F72FFAF7B200B80942 /* User.swift */,
			);
			path = Entities;
			sourceTree = "<group>";
		};
		E46C2F052FFAF162008860B9 /* Data */ = {
			isa = PBXGroup;
			children = (
				E46C2F082FFAF192008860B9 /* Repositories */,
				E46C2F072FFAF17E008860B9 /* Persistence */,
				E46C2F062FFAF175008860B9 /* Network */,
			);
			path = Data;
			sourceTree = "<group>";
		};
		E46C2F062FFAF175008860B9 /* Network */ = {
			isa = PBXGroup;
			children = (
				E45257052FFAFE4700B80942 /* APIService.swift */,
				E46C2F092FFAF1A6008860B9 /* DTOs */,
			);
			path = Network;
			sourceTree = "<group>";
		};
		E46C2F072FFAF17E008860B9 /* Persistence */ = {
			isa = PBXGroup;
			children = (
				E452570B2FFAFF1400B80942 /* RealmService.swift */,
				E45257092FFAFF0000B80942 /* UserRealmObject.swift */,
			);
			path = Persistence;
			sourceTree = "<group>";
		};
		E46C2F082FFAF192008860B9 /* Repositories */ = {
			isa = PBXGroup;
			children = (
				E45257042FFAFD3500B80942 /* UserRepository.swift */,
			);
			path = Repositories;
			sourceTree = "<group>";
		};
		E46C2F092FFAF1A6008860B9 /* DTOs */ = {
			isa = PBXGroup;
			children = (
				E45257072FFAFE9D00B80942 /* UserDTO.swift */,
			);
			path = DTOs;
			sourceTree = "<group>";
		};
		E46C2F0A2FFAF1C1008860B9 /* Presentation */ = {
			isa = PBXGroup;
			children = (
				E46C2F0E2FFAF1F9008860B9 /* Components */,
				E46C2F0D2FFAF1DC008860B9 /* CreateUser */,
				E46C2F0C2FFAF1D1008860B9 /* UserDetail */,
				E46C2F0B2FFAF1C9008860B9 /* UserList */,
			);
			path = Presentation;
			sourceTree = "<group>";
		};
		E46C2F0B2FFAF1C9008860B9 /* UserList */ = {
			isa = PBXGroup;
			children = (
				E45256F52FFAF6D200B80942 /* UserListViewModel.swift */,
				E45256F42FFAF62A00B80942 /* UserListView.swift */,
			);
			path = UserList;
			sourceTree = "<group>";
		};
		E46C2F0C2FFAF1D1008860B9 /* UserDetail */ = {
			isa = PBXGroup;
			children = (
			);
			path = UserDetail;
			sourceTree = "<group>";
		};
		E46C2F0D2FFAF1DC008860B9 /* CreateUser */ = {
			isa = PBXGroup;
			children = (
			);
			path = CreateUser;
			sourceTree = "<group>";
		};
		E46C2F0E2FFAF1F9008860B9 /* Components */ = {
			isa = PBXGroup;
			children = (
			);
			path = Components;
			sourceTree = "<group>";
		};
		E46C2F0F2FFAF207008860B9 /* Services */ = {
			isa = PBXGroup;
			children = (
			);
			path = Services;
			sourceTree = "<group>";
		};
		E46C2F102FFAF226008860B9 /* Utils */ = {
			isa = PBXGroup;
			children = (
			);
			path = Utils;
			sourceTree = "<group>";
		};
		E46C2F112FFAF236008860B9 /* Resources */ = {
			isa = PBXGroup;
			children = (
			);
			path = Resources;
			sourceTree = "<group>";
		};
/* End PBXGroup section */

/* Begin PBXNativeTarget section */
		E46C2EDB2FFAEAFA008860B9 /* UserManager */ = {
			isa = PBXNativeTarget;
			buildConfigurationList = E46C2EE72FFAEAFE008860B9 /* Build configuration list for PBXNativeTarget "UserManager" */;
			buildPhases = (
				E46C2ED82FFAEAFA008860B9 /* Sources */,
				E46C2ED92FFAEAFA008860B9 /* Frameworks */,
				E46C2EDA2FFAEAFA008860B9 /* Resources */,
			);
			buildRules = (
			);
			dependencies = (
			);
			name = UserManager;
			packageProductDependencies = (
				E46C2EEB2FFAEF2E008860B9 /* Alamofire */,
				E45257102FFB000900B80942 /* RealmSwift */,
			);
			productName = UserManager;
			productReference = E46C2EDC2FFAEAFA008860B9 /* UserManager.app */;
			productType = "com.apple.product-type.application";
		};
/* End PBXNativeTarget section */

/* Begin PBXProject section */
		E46C2ED42FFAEAFA008860B9 /* Project object */ = {
			isa = PBXProject;
			attributes = {
				BuildIndependentTargetsInParallel = 1;
				LastSwiftUpdateCheck = 2620;
				LastUpgradeCheck = 2620;
				TargetAttributes = {
					E46C2EDB2FFAEAFA008860B9 = {
						CreatedOnToolsVersion = 26.2;
					};
				};
			};
			buildConfigurationList = E46C2ED72FFAEAFA008860B9 /* Build configuration list for PBXProject "UserManager" */;
			developmentRegion = en;
			hasScannedForEncodings = 0;
			knownRegions = (
				en,
				Base,
			);
			mainGroup = E46C2ED32FFAEAFA008860B9;
			minimizedProjectReferenceProxies = 1;
			packageReferences = (
				E46C2EEA2FFAEF2E008860B9 /* XCRemoteSwiftPackageReference "Alamofire" */,
				E452570D2FFB000900B80942 /* XCRemoteSwiftPackageReference "realm-swift" */,
			);
			preferredProjectObjectVersion = 77;
			productRefGroup = E46C2EDD2FFAEAFA008860B9 /* Products */;
			projectDirPath = "";
			projectRoot = "";
			targets = (
				E46C2EDB2FFAEAFA008860B9 /* UserManager */,
			);
		};
/* End PBXProject section */

/* Begin PBXResourcesBuildPhase section */
		E46C2EDA2FFAEAFA008860B9 /* Resources */ = {
			isa = PBXResourcesBuildPhase;
			buildActionMask = 2147483647;
			files = (
				E45256F02FFAF39500B80942 /* Assets.xcassets in Resources */,
			);
			runOnlyForDeploymentPostprocessing = 0;
		};
/* End PBXResourcesBuildPhase section */

/* Begin PBXSourcesBuildPhase section */
		E46C2ED82FFAEAFA008860B9 /* Sources */ = {
			isa = PBXSourcesBuildPhase;
			buildActionMask = 2147483647;
			files = (
				E46C2EE02FFAEAFA008860B9 /* UserManagerApp.swift in Sources */,
				E45257002FFAFC0E00B80942 /* UserListView.swift in Sources */,
				E45256FC2FFAFBBF00B80942 /* AppRoute.swift in Sources */,
				E45257082FFAFEA200B80942 /* UserDTO.swift in Sources */,
				E45256FE2FFAFBC800B80942 /* NavigationRouter.swift in Sources */,
				E45256FD2FFAFBC400B80942 /* AppCoordinatorView.swift in Sources */,
				E45257032FFAFC2E00B80942 /* UserRepositoryProtocol.swift in Sources */,
				E45257062FFAFE6500B80942 /* APIService.swift in Sources */,
				E45256FF2FFAFC0A00B80942 /* UserListViewModel.swift in Sources */,
				E452570C2FFAFF1800B80942 /* RealmService.swift in Sources */,
				E45257122FFB00C300B80942 /* UserRepository.swift in Sources */,
				E45257012FFAFC2600B80942 /* User.swift in Sources */,
				E45257022FFAFC2A00B80942 /* FetchUsersUseCase.swift in Sources */,
				E452570A2FFAFF0600B80942 /* UserRealmObject.swift in Sources */,
			);
			runOnlyForDeploymentPostprocessing = 0;
		};
/* End PBXSourcesBuildPhase section */

/* Begin XCBuildConfiguration section */
		E46C2EE52FFAEAFE008860B9 /* Debug */ = {
			isa = XCBuildConfiguration;
			buildSettings = {
				ALWAYS_SEARCH_USER_PATHS = NO;
				ASSETCATALOG_COMPILER_GENERATE_SWIFT_ASSET_SYMBOL_EXTENSIONS = YES;
				CLANG_ANALYZER_NONNULL = YES;
				CLANG_ANALYZER_NUMBER_OBJECT_CONVERSION = YES_AGGRESSIVE;
				CLANG_CXX_LANGUAGE_STANDARD = "gnu++20";
				CLANG_ENABLE_MODULES = YES;
				CLANG_ENABLE_OBJC_ARC = YES;
				CLANG_ENABLE_OBJC_WEAK = YES;
				CLANG_WARN_BLOCK_CAPTURE_AUTORELEASING = YES;
				CLANG_WARN_BOOL_CONVERSION = YES;
				CLANG_WARN_COMMA = YES;
				CLANG_WARN_CONSTANT_CONVERSION = YES;
				CLANG_WARN_DEPRECATED_OBJC_IMPLEMENTATIONS = YES;
				CLANG_WARN_DIRECT_OBJC_ISA_USAGE = YES_ERROR;
				CLANG_WARN_DOCUMENTATION_COMMENTS = YES;
				CLANG_WARN_EMPTY_BODY = YES;
				CLANG_WARN_ENUM_CONVERSION = YES;
				CLANG_WARN_INFINITE_RECURSION = YES;
				CLANG_WARN_INT_CONVERSION = YES;
				CLANG_WARN_NON_LITERAL_NULL_CONVERSION = YES;
				CLANG_WARN_OBJC_IMPLICIT_RETAIN_SELF = YES;
				CLANG_WARN_OBJC_LITERAL_CONVERSION = YES;
				CLANG_WARN_OBJC_ROOT_CLASS = YES_ERROR;
				CLANG_WARN_QUOTED_INCLUDE_IN_FRAMEWORK_HEADER = YES;
				CLANG_WARN_RANGE_LOOP_ANALYSIS = YES;
				CLANG_WARN_STRICT_PROTOTYPES = YES;
				CLANG_WARN_SUSPICIOUS_MOVE = YES;
				CLANG_WARN_UNGUARDED_AVAILABILITY = YES_AGGRESSIVE;
				CLANG_WARN_UNREACHABLE_CODE = YES;
				CLANG_WARN__DUPLICATE_METHOD_MATCH = YES;
				COPY_PHASE_STRIP = NO;
				DEBUG_INFORMATION_FORMAT = dwarf;
				ENABLE_STRICT_OBJC_MSGSEND = YES;
				ENABLE_TESTABILITY = YES;
				ENABLE_USER_SCRIPT_SANDBOXING = YES;
				GCC_C_LANGUAGE_STANDARD = gnu17;
				GCC_DYNAMIC_NO_PIC = NO;
				GCC_NO_COMMON_BLOCKS = YES;
				GCC_OPTIMIZATION_LEVEL = 0;
				GCC_PREPROCESSOR_DEFINITIONS = (
					"DEBUG=1",
					"$(inherited)",
				);
				GCC_WARN_64_TO_32_BIT_CONVERSION = YES;
				GCC_WARN_ABOUT_RETURN_TYPE = YES_ERROR;
				GCC_WARN_UNDECLARED_SELECTOR = YES;
				GCC_WARN_UNINITIALIZED_AUTOS = YES_AGGRESSIVE;
				GCC_WARN_UNUSED_FUNCTION = YES;
				GCC_WARN_UNUSED_VARIABLE = YES;
				IPHONEOS_DEPLOYMENT_TARGET = 26.2;
				LOCALIZATION_PREFERS_STRING_CATALOGS = YES;
				MTL_ENABLE_DEBUG_INFO = INCLUDE_SOURCE;
				MTL_FAST_MATH = YES;
				ONLY_ACTIVE_ARCH = YES;
				SDKROOT = iphoneos;
				SWIFT_ACTIVE_COMPILATION_CONDITIONS = "DEBUG $(inherited)";
				SWIFT_OPTIMIZATION_LEVEL = "-Onone";
			};
			name = Debug;
		};
		E46C2EE62FFAEAFE008860B9 /* Release */ = {
			isa = XCBuildConfiguration;
			buildSettings = {
				ALWAYS_SEARCH_USER_PATHS = NO;
				ASSETCATALOG_COMPILER_GENERATE_SWIFT_ASSET_SYMBOL_EXTENSIONS = YES;
				CLANG_ANALYZER_NONNULL = YES;
				CLANG_ANALYZER_NUMBER_OBJECT_CONVERSION = YES_AGGRESSIVE;
				CLANG_CXX_LANGUAGE_STANDARD = "gnu++20";
				CLANG_ENABLE_MODULES = YES;
				CLANG_ENABLE_OBJC_ARC = YES;
				CLANG_ENABLE_OBJC_WEAK = YES;
				CLANG_WARN_BLOCK_CAPTURE_AUTORELEASING = YES;
				CLANG_WARN_BOOL_CONVERSION = YES;
				CLANG_WARN_COMMA = YES;
				CLANG_WARN_CONSTANT_CONVERSION = YES;
				CLANG_WARN_DEPRECATED_OBJC_IMPLEMENTATIONS = YES;
				CLANG_WARN_DIRECT_OBJC_ISA_USAGE = YES_ERROR;
				CLANG_WARN_DOCUMENTATION_COMMENTS = YES;
				CLANG_WARN_EMPTY_BODY = YES;
				CLANG_WARN_ENUM_CONVERSION = YES;
				CLANG_WARN_INFINITE_RECURSION = YES;
				CLANG_WARN_INT_CONVERSION = YES;
				CLANG_WARN_NON_LITERAL_NULL_CONVERSION = YES;
				CLANG_WARN_OBJC_IMPLICIT_RETAIN_SELF = YES;
				CLANG_WARN_OBJC_LITERAL_CONVERSION = YES;
				CLANG_WARN_OBJC_ROOT_CLASS = YES_ERROR;
				CLANG_WARN_QUOTED_INCLUDE_IN_FRAMEWORK_HEADER = YES;
				CLANG_WARN_RANGE_LOOP_ANALYSIS = YES;
				CLANG_WARN_STRICT_PROTOTYPES = YES;
				CLANG_WARN_SUSPICIOUS_MOVE = YES;
				CLANG_WARN_UNGUARDED_AVAILABILITY = YES_AGGRESSIVE;
				CLANG_WARN_UNREACHABLE_CODE = YES;
				CLANG_WARN__DUPLICATE_METHOD_MATCH = YES;
				COPY_PHASE_STRIP = NO;
				DEBUG_INFORMATION_FORMAT = "dwarf-with-dsym";
				ENABLE_NS_ASSERTIONS = NO;
				ENABLE_STRICT_OBJC_MSGSEND = YES;
				ENABLE_USER_SCRIPT_SANDBOXING = YES;
				GCC_C_LANGUAGE_STANDARD = gnu17;
				GCC_NO_COMMON_BLOCKS = YES;
				GCC_WARN_64_TO_32_BIT_CONVERSION = YES;
				GCC_WARN_ABOUT_RETURN_TYPE = YES_ERROR;
				GCC_WARN_UNDECLARED_SELECTOR = YES;
				GCC_WARN_UNINITIALIZED_AUTOS = YES_AGGRESSIVE;
				GCC_WARN_UNUSED_FUNCTION = YES;
				GCC_WARN_UNUSED_VARIABLE = YES;
				IPHONEOS_DEPLOYMENT_TARGET = 26.2;
				LOCALIZATION_PREFERS_STRING_CATALOGS = YES;
				MTL_ENABLE_DEBUG_INFO = NO;
				MTL_FAST_MATH = YES;
				SDKROOT = iphoneos;
				SWIFT_COMPILATION_MODE = wholemodule;
				VALIDATE_PRODUCT = YES;
			};
			name = Release;
		};
		E46C2EE82FFAEAFE008860B9 /* Debug */ = {
			isa = XCBuildConfiguration;
			buildSettings = {
				ASSETCATALOG_COMPILER_APPICON_NAME = AppIcon;
				ASSETCATALOG_COMPILER_GLOBAL_ACCENT_COLOR_NAME = AccentColor;
				CODE_SIGN_STYLE = Automatic;
				CURRENT_PROJECT_VERSION = 1;
				ENABLE_PREVIEWS = YES;
				GENERATE_INFOPLIST_FILE = YES;
				INFOPLIST_FILE = "UserManager-Info.plist";
				INFOPLIST_KEY_UIApplicationSceneManifest_Generation = YES;
				INFOPLIST_KEY_UIApplicationSupportsIndirectInputEvents = YES;
				INFOPLIST_KEY_UILaunchScreen_Generation = YES;
				INFOPLIST_KEY_UISupportedInterfaceOrientations_iPad = "UIInterfaceOrientationPortrait UIInterfaceOrientationPortraitUpsideDown UIInterfaceOrientationLandscapeLeft UIInterfaceOrientationLandscapeRight";
				INFOPLIST_KEY_UISupportedInterfaceOrientations_iPhone = "UIInterfaceOrientationPortrait UIInterfaceOrientationLandscapeLeft UIInterfaceOrientationLandscapeRight";
				LD_RUNPATH_SEARCH_PATHS = (
					"$(inherited)",
					"@executable_path/Frameworks",
				);
				MARKETING_VERSION = 1.0;
				PRODUCT_BUNDLE_IDENTIFIER = com.crud.UserManager;
				PRODUCT_NAME = "$(TARGET_NAME)";
				STRING_CATALOG_GENERATE_SYMBOLS = YES;
				SWIFT_APPROACHABLE_CONCURRENCY = YES;
				SWIFT_DEFAULT_ACTOR_ISOLATION = MainActor;
				SWIFT_EMIT_LOC_STRINGS = YES;
				SWIFT_UPCOMING_FEATURE_MEMBER_IMPORT_VISIBILITY = YES;
				SWIFT_VERSION = 5.0;
				TARGETED_DEVICE_FAMILY = "1,2";
			};
			name = Debug;
		};
		E46C2EE92FFAEAFE008860B9 /* Release */ = {
			isa = XCBuildConfiguration;
			buildSettings = {
				ASSETCATALOG_COMPILER_APPICON_NAME = AppIcon;
				ASSETCATALOG_COMPILER_GLOBAL_ACCENT_COLOR_NAME = AccentColor;
				CODE_SIGN_STYLE = Automatic;
				CURRENT_PROJECT_VERSION = 1;
				ENABLE_PREVIEWS = YES;
				GENERATE_INFOPLIST_FILE = YES;
				INFOPLIST_FILE = "UserManager-Info.plist";
				INFOPLIST_KEY_UIApplicationSceneManifest_Generation = YES;
				INFOPLIST_KEY_UIApplicationSupportsIndirectInputEvents = YES;
				INFOPLIST_KEY_UILaunchScreen_Generation = YES;
				INFOPLIST_KEY_UISupportedInterfaceOrientations_iPad = "UIInterfaceOrientationPortrait UIInterfaceOrientationPortraitUpsideDown UIInterfaceOrientationLandscapeLeft UIInterfaceOrientationLandscapeRight";
				INFOPLIST_KEY_UISupportedInterfaceOrientations_iPhone = "UIInterfaceOrientationPortrait UIInterfaceOrientationLandscapeLeft UIInterfaceOrientationLandscapeRight";
				LD_RUNPATH_SEARCH_PATHS = (
					"$(inherited)",
					"@executable_path/Frameworks",
				);
				MARKETING_VERSION = 1.0;
				PRODUCT_BUNDLE_IDENTIFIER = com.crud.UserManager;
				PRODUCT_NAME = "$(TARGET_NAME)";
				STRING_CATALOG_GENERATE_SYMBOLS = YES;
				SWIFT_APPROACHABLE_CONCURRENCY = YES;
				SWIFT_DEFAULT_ACTOR_ISOLATION = MainActor;
				SWIFT_EMIT_LOC_STRINGS = YES;
				SWIFT_UPCOMING_FEATURE_MEMBER_IMPORT_VISIBILITY = YES;
				SWIFT_VERSION = 5.0;
				TARGETED_DEVICE_FAMILY = "1,2";
			};
			name = Release;
		};
/* End XCBuildConfiguration section */

/* Begin XCConfigurationList section */
		E46C2ED72FFAEAFA008860B9 /* Build configuration list for PBXProject "UserManager" */ = {
			isa = XCConfigurationList;
			buildConfigurations = (
				E46C2EE52FFAEAFE008860B9 /* Debug */,
				E46C2EE62FFAEAFE008860B9 /* Release */,
			);
			defaultConfigurationIsVisible = 0;
			defaultConfigurationName = Release;
		};
		E46C2EE72FFAEAFE008860B9 /* Build configuration list for PBXNativeTarget "UserManager" */ = {
			isa = XCConfigurationList;
			buildConfigurations = (
				E46C2EE82FFAEAFE008860B9 /* Debug */,
				E46C2EE92FFAEAFE008860B9 /* Release */,
			);
			defaultConfigurationIsVisible = 0;
			defaultConfigurationName = Release;
		};
/* End XCConfigurationList section */

/* Begin XCRemoteSwiftPackageReference section */
		E452570D2FFB000900B80942 /* XCRemoteSwiftPackageReference "realm-swift" */ = {
			isa = XCRemoteSwiftPackageReference;
			repositoryURL = "https://github.com/realm/realm-swift";
			requirement = {
				kind = upToNextMajorVersion;
				minimumVersion = 10.45.0;
			};
		};
		E46C2EEA2FFAEF2E008860B9 /* XCRemoteSwiftPackageReference "Alamofire" */ = {
			isa = XCRemoteSwiftPackageReference;
			repositoryURL = "https://github.com/Alamofire/Alamofire";
			requirement = {
				kind = upToNextMajorVersion;
				minimumVersion = 5.12.0;
			};
		};
/* End XCRemoteSwiftPackageReference section */

/* Begin XCSwiftPackageProductDependency section */
		E45257102FFB000900B80942 /* RealmSwift */ = {
			isa = XCSwiftPackageProductDependency;
			package = E452570D2FFB000900B80942 /* XCRemoteSwiftPackageReference "realm-swift" */;
			productName = RealmSwift;
		};
		E46C2EEB2FFAEF2E008860B9 /* Alamofire */ = {
			isa = XCSwiftPackageProductDependency;
			package = E46C2EEA2FFAEF2E008860B9 /* XCRemoteSwiftPackageReference "Alamofire" */;
			productName = Alamofire;
		};
/* End XCSwiftPackageProductDependency section */
	};
	rootObject = E46C2ED42FFAEAFA008860B9 /* Project object */;
}
